
Microsoft Visual Studio Solution File, Format Version 12.00
# Visual Studio Version 16
VisualStudioVersion = 16.0.30503.244
MinimumVisualStudioVersion = 10.0.40219.1
Project("{FAE04EC0-301F-11D3-BF4B-00C04F79EFBC}") = "MyFilmManagement", "MyFilmManagement.csproj", "{7ACEFFEB-5D4A-4E90-80CD-96A35B9522B6}"
EndProject
Global
	GlobalSection(SolutionConfigurationPlatforms) = preSolution
		Debug|Any CPU = Debug|Any CPU
		Release|Any CPU = Release|Any CPU
	EndGlobalSection
	GlobalSection(ProjectConfigurationPlatforms) = postSolution
		{7ACEFFEB-5D4A-4E90-80CD-96A35B9522B6}.Debug|Any CPU.ActiveCfg = Debug|Any CPU
		{7ACEFFEB-5D4A-4E90-80CD-96A35B9522B6}.Debug|Any CPU.Build.0 = Debug|Any CPU
		{7ACEFFEB-5D4A-4E90-80CD-96A35B9522B6}.Release|Any CPU.ActiveCfg = Release|Any CPU
		{7ACEFFEB-5D4A-4E90-80CD-96A35B9522B6}.Release|Any CPU.Build.0 = Release|Any CPU
	EndGlobalSection
	GlobalSection(SolutionProperties) = preSolution
		HideSolutionNode = FALSE
	EndGlobalSection
	GlobalSection(ExtensibilityGlobals) = postSolution
		SolutionGuid = {127AEE16-4E8B-4045-9846-93338441ACA4}
	EndGlobalSection
EndGlobal
