
Microsoft Visual Studio Solution File, Format Version 9.00
# Visual Studio 2005
Project("{FAE04EC0-301F-11D3-BF4B-00C04F79EFBC}") = "FilePad", "FilePad\FilePad.csproj", "{D6EE3F36-4E14-4186-A9CC-2579B96A906B}"
EndProject
Global
	GlobalSection(SolutionConfigurationPlatforms) = preSolution
		Debug|Any CPU = Debug|Any CPU
		Release|Any CPU = Release|Any CPU
	EndGlobalSection
	GlobalSection(ProjectConfigurationPlatforms) = postSolution
		{D6EE3F36-4E14-4186-A9CC-2579B96A906B}.Debug|Any CPU.ActiveCfg = Debug|Any CPU
		{D6EE3F36-4E14-4186-A9CC-2579B96A906B}.Debug|Any CPU.Build.0 = Debug|Any CPU
		{D6EE3F36-4E14-4186-A9CC-2579B96A906B}.Release|Any CPU.ActiveCfg = Release|Any CPU
		{D6EE3F36-4E14-4186-A9CC-2579B96A906B}.Release|Any CPU.Build.0 = Release|Any CPU
	EndGlobalSection
	GlobalSection(SolutionProperties) = preSolution
		HideSolutionNode = FALSE
	EndGlobalSection
EndGlobal
