
Microsoft Visual Studio Solution File, Format Version 12.00
# Visual Studio Version 16
VisualStudioVersion = 16.0.30503.244
MinimumVisualStudioVersion = 10.0.40219.1
Project("{FAE04EC0-301F-11D3-BF4B-00C04F79EFBC}") = "LAB9", "LAB9.csproj", "{BFD2EB28-C05A-4B2F-83C3-CD6BA687336D}"
EndProject
Project("{FAE04EC0-301F-11D3-BF4B-00C04F79EFBC}") = "LAB10_1", "..\LAB10_1\LAB10_1.csproj", "{CEA4630B-6261-4705-A61C-9B87D3E9505B}"
EndProject
Global
	GlobalSection(SolutionConfigurationPlatforms) = preSolution
		Debug|Any CPU = Debug|Any CPU
		Release|Any CPU = Release|Any CPU
	EndGlobalSection
	GlobalSection(ProjectConfigurationPlatforms) = postSolution
		{BFD2EB28-C05A-4B2F-83C3-CD6BA687336D}.Debug|Any CPU.ActiveCfg = Debug|Any CPU
		{BFD2EB28-C05A-4B2F-83C3-CD6BA687336D}.Debug|Any CPU.Build.0 = Debug|Any CPU
		{BFD2EB28-C05A-4B2F-83C3-CD6BA687336D}.Release|Any CPU.ActiveCfg = Release|Any CPU
		{BFD2EB28-C05A-4B2F-83C3-CD6BA687336D}.Release|Any CPU.Build.0 = Release|Any CPU
		{CEA4630B-6261-4705-A61C-9B87D3E9505B}.Debug|Any CPU.ActiveCfg = Debug|Any CPU
		{CEA4630B-6261-4705-A61C-9B87D3E9505B}.Debug|Any CPU.Build.0 = Debug|Any CPU
		{CEA4630B-6261-4705-A61C-9B87D3E9505B}.Release|Any CPU.ActiveCfg = Release|Any CPU
		{CEA4630B-6261-4705-A61C-9B87D3E9505B}.Release|Any CPU.Build.0 = Release|Any CPU
	EndGlobalSection
	GlobalSection(SolutionProperties) = preSolution
		HideSolutionNode = FALSE
	EndGlobalSection
	GlobalSection(ExtensibilityGlobals) = postSolution
		SolutionGuid = {5D530339-8466-4420-9491-FE15C623397B}
	EndGlobalSection
EndGlobal
