
Microsoft Visual Studio Solution File, Format Version 12.00
# Visual Studio Version 16
VisualStudioVersion = 16.0.30503.244
MinimumVisualStudioVersion = 10.0.40219.1
Project("{FAE04EC0-301F-11D3-BF4B-00C04F79EFBC}") = "LoopExample", "LoopExample.csproj", "{E8B2180A-5CE5-4239-9F40-584A75F19D0B}"
EndProject
Global
	GlobalSection(SolutionConfigurationPlatforms) = preSolution
		Debug|Any CPU = Debug|Any CPU
		Release|Any CPU = Release|Any CPU
	EndGlobalSection
	GlobalSection(ProjectConfigurationPlatforms) = postSolution
		{E8B2180A-5CE5-4239-9F40-584A75F19D0B}.Debug|Any CPU.ActiveCfg = Debug|Any CPU
		{E8B2180A-5CE5-4239-9F40-584A75F19D0B}.Debug|Any CPU.Build.0 = Debug|Any CPU
		{E8B2180A-5CE5-4239-9F40-584A75F19D0B}.Release|Any CPU.ActiveCfg = Release|Any CPU
		{E8B2180A-5CE5-4239-9F40-584A75F19D0B}.Release|Any CPU.Build.0 = Release|Any CPU
	EndGlobalSection
	GlobalSection(SolutionProperties) = preSolution
		HideSolutionNode = FALSE
	EndGlobalSection
	GlobalSection(ExtensibilityGlobals) = postSolution
		SolutionGuid = {353E93A5-F59E-474B-9BD9-94A54157AA00}
	EndGlobalSection
EndGlobal
