
Microsoft Visual Studio Solution File, Format Version 12.00
# Visual Studio Version 16
VisualStudioVersion = 16.0.30621.155
MinimumVisualStudioVersion = 10.0.40219.1
Project("{FAE04EC0-301F-11D3-BF4B-00C04F79EFBC}") = "AnhDTHE141302", "AnhDTHE141302.csproj", "{455B9824-5139-4F35-AE83-D421C45FEF67}"
EndProject
Global
	GlobalSection(SolutionConfigurationPlatforms) = preSolution
		Debug|Any CPU = Debug|Any CPU
		Release|Any CPU = Release|Any CPU
	EndGlobalSection
	GlobalSection(ProjectConfigurationPlatforms) = postSolution
		{455B9824-5139-4F35-AE83-D421C45FEF67}.Debug|Any CPU.ActiveCfg = Debug|Any CPU
		{455B9824-5139-4F35-AE83-D421C45FEF67}.Debug|Any CPU.Build.0 = Debug|Any CPU
		{455B9824-5139-4F35-AE83-D421C45FEF67}.Release|Any CPU.ActiveCfg = Release|Any CPU
		{455B9824-5139-4F35-AE83-D421C45FEF67}.Release|Any CPU.Build.0 = Release|Any CPU
	EndGlobalSection
	GlobalSection(SolutionProperties) = preSolution
		HideSolutionNode = FALSE
	EndGlobalSection
	GlobalSection(ExtensibilityGlobals) = postSolution
		SolutionGuid = {53152DAE-854E-4BAC-A897-895DE254D747}
	EndGlobalSection
EndGlobal
